
Microsoft Visual Studio Solution File, Format Version 12.00
# Visual Studio 15
VisualStudioVersion = 15.0.28307.779
MinimumVisualStudioVersion = 10.0.40219.1
Project("{FAE04EC0-301F-11D3-BF4B-00C04F79EFBC}") = "AccessDynamoDB", "AccessDynamoDB\AccessDynamoDB.csproj", "{316E3088-DA1C-4D85-9D20-31171827AA6A}"
EndProject
Project("{FAE04EC0-301F-11D3-BF4B-00C04F79EFBC}") = "DemoObjectPersistentModel", "DemoObjectPersistentModel\DemoObjectPersistentModel.csproj", "{BF2D2647-D24C-4B42-833D-E870B40884B3}"
EndProject
Project("{FAE04EC0-301F-11D3-BF4B-00C04F79EFBC}") = "DemoDocumentModel", "DemoDocumentModel\DemoDocumentModel.csproj", "{ACD6D70E-5AAD-4287-8603-B3EDD8E19E3C}"
EndProject
Global
	GlobalSection(SolutionConfigurationPlatforms) = preSolution
		Debug|Any CPU = Debug|Any CPU
		Release|Any CPU = Release|Any CPU
	EndGlobalSection
	GlobalSection(ProjectConfigurationPlatforms) = postSolution
		{316E3088-DA1C-4D85-9D20-31171827AA6A}.Debug|Any CPU.ActiveCfg = Debug|Any CPU
		{316E3088-DA1C-4D85-9D20-31171827AA6A}.Debug|Any CPU.Build.0 = Debug|Any CPU
		{316E3088-DA1C-4D85-9D20-31171827AA6A}.Release|Any CPU.ActiveCfg = Release|Any CPU
		{316E3088-DA1C-4D85-9D20-31171827AA6A}.Release|Any CPU.Build.0 = Release|Any CPU
		{BF2D2647-D24C-4B42-833D-E870B40884B3}.Debug|Any CPU.ActiveCfg = Debug|Any CPU
		{BF2D2647-D24C-4B42-833D-E870B40884B3}.Debug|Any CPU.Build.0 = Debug|Any CPU
		{BF2D2647-D24C-4B42-833D-E870B40884B3}.Release|Any CPU.ActiveCfg = Release|Any CPU
		{BF2D2647-D24C-4B42-833D-E870B40884B3}.Release|Any CPU.Build.0 = Release|Any CPU
		{ACD6D70E-5AAD-4287-8603-B3EDD8E19E3C}.Debug|Any CPU.ActiveCfg = Debug|Any CPU
		{ACD6D70E-5AAD-4287-8603-B3EDD8E19E3C}.Debug|Any CPU.Build.0 = Debug|Any CPU
		{ACD6D70E-5AAD-4287-8603-B3EDD8E19E3C}.Release|Any CPU.ActiveCfg = Release|Any CPU
		{ACD6D70E-5AAD-4287-8603-B3EDD8E19E3C}.Release|Any CPU.Build.0 = Release|Any CPU
	EndGlobalSection
	GlobalSection(SolutionProperties) = preSolution
		HideSolutionNode = FALSE
	EndGlobalSection
	GlobalSection(ExtensibilityGlobals) = postSolution
		SolutionGuid = {ABE2D759-E887-4D48-B78B-0358A1037193}
	EndGlobalSection
EndGlobal
